
Microsoft Visual Studio Solution File, Format Version 12.00
# Visual Studio Version 17
VisualStudioVersion = 17.11.35431.28
MinimumVisualStudioVersion = 10.0.40219.1
Project("{FAE04EC0-301F-11D3-BF4B-00C04F79EFBC}") = "GravityNotepad", "GravityNotepad.csproj", "{A7BB720B-959E-4AA6-A8F2-DC675D84CF43}"
EndProject
Global
	GlobalSection(SolutionConfigurationPlatforms) = preSolution
		Debug|Any CPU = Debug|Any CPU
		Release|Any CPU = Release|Any CPU
	EndGlobalSection
	GlobalSection(ProjectConfigurationPlatforms) = postSolution
		{A7BB720B-959E-4AA6-A8F2-DC675D84CF43}.Debug|Any CPU.ActiveCfg = Debug|Any CPU
		{A7BB720B-959E-4AA6-A8F2-DC675D84CF43}.Debug|Any CPU.Build.0 = Debug|Any CPU
		{A7BB720B-959E-4AA6-A8F2-DC675D84CF43}.Release|Any CPU.ActiveCfg = Release|Any CPU
		{A7BB720B-959E-4AA6-A8F2-DC675D84CF43}.Release|Any CPU.Build.0 = Release|Any CPU
	EndGlobalSection
	GlobalSection(SolutionProperties) = preSolution
		HideSolutionNode = FALSE
	EndGlobalSection
	GlobalSection(ExtensibilityGlobals) = postSolution
		SolutionGuid = {A0B4D0CF-9977-4ED9-8682-98985D13C85D}
	EndGlobalSection
EndGlobal
